
Microsoft Visual Studio Solution File, Format Version 12.00
# Visual Studio 2012
VisualStudioVersion = 12.0.31101.0
MinimumVisualStudioVersion = 10.0.40219.1
Project("{FAE04EC0-301F-11D3-BF4B-00C04F79EFBC}") = "Anlis.Core", "Anlis.Core\Anlis.Core.csproj", "{C6919F19-B238-4341-9E6F-0CCDF3A86A34}"
EndProject
Project("{FAE04EC0-301F-11D3-BF4B-00C04F79EFBC}") = "Anlis.Core.Tests", "Anlis.Core.Tests\Anlis.Core.Tests.csproj", "{483762A9-9B8E-482E-BB57-B7F02A84A567}"
EndProject
Project("{2150E333-8FDC-42A3-9474-1A3956D46DE8}") = ".nuget", ".nuget", "{E4FAE59B-8BB9-49B5-8CD7-FC4F18C529A9}"
	ProjectSection(SolutionItems) = preProject
		.nuget\NuGet.Config = .nuget\NuGet.Config
		.nuget\NuGet.exe = .nuget\NuGet.exe
		.nuget\NuGet.targets = .nuget\NuGet.targets
	EndProjectSection
EndProject
Project("{FAE04EC0-301F-11D3-BF4B-00C04F79EFBC}") = "Anlis.Server.Tests", "Anlis.Server.Tests\Anlis.Server.Tests.csproj", "{0A55CF86-500C-4637-9009-5FB22E3EF884}"
EndProject
Project("{FAE04EC0-301F-11D3-BF4B-00C04F79EFBC}") = "Anlis.Worker", "Anlis.Worker\Anlis.Worker.csproj", "{C19441A7-A529-4E2A-8F93-517254D264C1}"
EndProject
Project("{FAE04EC0-301F-11D3-BF4B-00C04F79EFBC}") = "Anlis.Server", "Anlis.Server\Anlis.Server.csproj", "{E41251A8-BA32-4AFC-A598-96E5176BDAF8}"
EndProject
Project("{FAE04EC0-301F-11D3-BF4B-00C04F79EFBC}") = "Brisk.Service", "..\GitHub\brisk\Brisk.Service\Brisk.Service.csproj", "{1A3C1DBB-8B62-4B9D-A5EF-584F4491B9C9}"
EndProject
Project("{FAE04EC0-301F-11D3-BF4B-00C04F79EFBC}") = "Anlis.WebService", "Anlis.WebService\Anlis.WebService.csproj", "{9B2C45F8-F01D-4531-BD5A-C485E98082D2}"
EndProject
Project("{FAE04EC0-301F-11D3-BF4B-00C04F79EFBC}") = "Anlis.WebService.Tests", "Anlis.WebService.Tests\Anlis.WebService.Tests.csproj", "{0FF1BCE2-96E3-4159-8129-887091EAAA76}"
EndProject
Project("{FAE04EC0-301F-11D3-BF4B-00C04F79EFBC}") = "Anlis.Client", "Anlis.Client\Anlis.Client.csproj", "{19B7875E-94AF-4800-A7B2-D2DE8BDD78D5}"
EndProject
Project("{FAE04EC0-301F-11D3-BF4B-00C04F79EFBC}") = "Anlis.Client.Tests", "Anlis.Client.Tests\Anlis.Client.Tests.csproj", "{15913B3B-4D19-4947-A371-50906EA68725}"
EndProject
Global
	GlobalSection(SolutionConfigurationPlatforms) = preSolution
		Debug|Any CPU = Debug|Any CPU
		Release|Any CPU = Release|Any CPU
	EndGlobalSection
	GlobalSection(ProjectConfigurationPlatforms) = postSolution
		{0A55CF86-500C-4637-9009-5FB22E3EF884}.Debug|Any CPU.ActiveCfg = Debug|Any CPU
		{0A55CF86-500C-4637-9009-5FB22E3EF884}.Debug|Any CPU.Build.0 = Debug|Any CPU
		{0A55CF86-500C-4637-9009-5FB22E3EF884}.Release|Any CPU.ActiveCfg = Release|Any CPU
		{0A55CF86-500C-4637-9009-5FB22E3EF884}.Release|Any CPU.Build.0 = Release|Any CPU
		{0FF1BCE2-96E3-4159-8129-887091EAAA76}.Debug|Any CPU.ActiveCfg = Debug|Any CPU
		{0FF1BCE2-96E3-4159-8129-887091EAAA76}.Debug|Any CPU.Build.0 = Debug|Any CPU
		{0FF1BCE2-96E3-4159-8129-887091EAAA76}.Release|Any CPU.ActiveCfg = Release|Any CPU
		{0FF1BCE2-96E3-4159-8129-887091EAAA76}.Release|Any CPU.Build.0 = Release|Any CPU
		{15913B3B-4D19-4947-A371-50906EA68725}.Debug|Any CPU.ActiveCfg = Debug|Any CPU
		{15913B3B-4D19-4947-A371-50906EA68725}.Debug|Any CPU.Build.0 = Debug|Any CPU
		{15913B3B-4D19-4947-A371-50906EA68725}.Release|Any CPU.ActiveCfg = Release|Any CPU
		{15913B3B-4D19-4947-A371-50906EA68725}.Release|Any CPU.Build.0 = Release|Any CPU
		{19B7875E-94AF-4800-A7B2-D2DE8BDD78D5}.Debug|Any CPU.ActiveCfg = Debug|Any CPU
		{19B7875E-94AF-4800-A7B2-D2DE8BDD78D5}.Debug|Any CPU.Build.0 = Debug|Any CPU
		{19B7875E-94AF-4800-A7B2-D2DE8BDD78D5}.Release|Any CPU.ActiveCfg = Release|Any CPU
		{19B7875E-94AF-4800-A7B2-D2DE8BDD78D5}.Release|Any CPU.Build.0 = Release|Any CPU
		{1A3C1DBB-8B62-4B9D-A5EF-584F4491B9C9}.Debug|Any CPU.ActiveCfg = Debug|Any CPU
		{1A3C1DBB-8B62-4B9D-A5EF-584F4491B9C9}.Debug|Any CPU.Build.0 = Debug|Any CPU
		{1A3C1DBB-8B62-4B9D-A5EF-584F4491B9C9}.Release|Any CPU.ActiveCfg = Release|Any CPU
		{1A3C1DBB-8B62-4B9D-A5EF-584F4491B9C9}.Release|Any CPU.Build.0 = Release|Any CPU
		{483762A9-9B8E-482E-BB57-B7F02A84A567}.Debug|Any CPU.ActiveCfg = Debug|Any CPU
		{483762A9-9B8E-482E-BB57-B7F02A84A567}.Debug|Any CPU.Build.0 = Debug|Any CPU
		{483762A9-9B8E-482E-BB57-B7F02A84A567}.Release|Any CPU.ActiveCfg = Release|Any CPU
		{483762A9-9B8E-482E-BB57-B7F02A84A567}.Release|Any CPU.Build.0 = Release|Any CPU
		{9B2C45F8-F01D-4531-BD5A-C485E98082D2}.Debug|Any CPU.ActiveCfg = Debug|Any CPU
		{9B2C45F8-F01D-4531-BD5A-C485E98082D2}.Debug|Any CPU.Build.0 = Debug|Any CPU
		{9B2C45F8-F01D-4531-BD5A-C485E98082D2}.Release|Any CPU.ActiveCfg = Release|Any CPU
		{9B2C45F8-F01D-4531-BD5A-C485E98082D2}.Release|Any CPU.Build.0 = Release|Any CPU
		{C19441A7-A529-4E2A-8F93-517254D264C1}.Debug|Any CPU.ActiveCfg = Debug|Any CPU
		{C19441A7-A529-4E2A-8F93-517254D264C1}.Debug|Any CPU.Build.0 = Debug|Any CPU
		{C19441A7-A529-4E2A-8F93-517254D264C1}.Release|Any CPU.ActiveCfg = Release|Any CPU
		{C19441A7-A529-4E2A-8F93-517254D264C1}.Release|Any CPU.Build.0 = Release|Any CPU
		{C6919F19-B238-4341-9E6F-0CCDF3A86A34}.Debug|Any CPU.ActiveCfg = Debug|Any CPU
		{C6919F19-B238-4341-9E6F-0CCDF3A86A34}.Debug|Any CPU.Build.0 = Debug|Any CPU
		{C6919F19-B238-4341-9E6F-0CCDF3A86A34}.Release|Any CPU.ActiveCfg = Release|Any CPU
		{C6919F19-B238-4341-9E6F-0CCDF3A86A34}.Release|Any CPU.Build.0 = Release|Any CPU
		{E41251A8-BA32-4AFC-A598-96E5176BDAF8}.Debug|Any CPU.ActiveCfg = Debug|Any CPU
		{E41251A8-BA32-4AFC-A598-96E5176BDAF8}.Debug|Any CPU.Build.0 = Debug|Any CPU
		{E41251A8-BA32-4AFC-A598-96E5176BDAF8}.Release|Any CPU.ActiveCfg = Release|Any CPU
		{E41251A8-BA32-4AFC-A598-96E5176BDAF8}.Release|Any CPU.Build.0 = Release|Any CPU
	EndGlobalSection
	GlobalSection(NestedProjects) = preSolution
	EndGlobalSection
	GlobalSection(SolutionProperties) = preSolution
		HideSolutionNode = FALSE
	EndGlobalSection
EndGlobal
